
Microsoft Visual Studio Solution File, Format Version 12.00
# Visual Studio Version 17
VisualStudioVersion = 17.9.34622.214
MinimumVisualStudioVersion = 10.0.40219.1
Project("{FAE04EC0-301F-11D3-BF4B-00C04F79EFBC}") = "EventMngt", "EventMngt\EventMngt.csproj", "{74BE2653-8047-4D79-969E-D764619FB6C9}"
EndProject
Global
	GlobalSection(SolutionConfigurationPlatforms) = preSolution
		Debug|Any CPU = Debug|Any CPU
		Release|Any CPU = Release|Any CPU
	EndGlobalSection
	GlobalSection(ProjectConfigurationPlatforms) = postSolution
		{74BE2653-8047-4D79-969E-D764619FB6C9}.Debug|Any CPU.ActiveCfg = Debug|Any CPU
		{74BE2653-8047-4D79-969E-D764619FB6C9}.Debug|Any CPU.Build.0 = Debug|Any CPU
		{74BE2653-8047-4D79-969E-D764619FB6C9}.Release|Any CPU.ActiveCfg = Release|Any CPU
		{74BE2653-8047-4D79-969E-D764619FB6C9}.Release|Any CPU.Build.0 = Release|Any CPU
	EndGlobalSection
	GlobalSection(SolutionProperties) = preSolution
		HideSolutionNode = FALSE
	EndGlobalSection
	GlobalSection(ExtensibilityGlobals) = postSolution
		SolutionGuid = {726B3CBD-30C2-437F-AAAD-5EBC72E1F375}
	EndGlobalSection
EndGlobal
